# This file is automatically @generated by Cargo.
# It is not intended for manual editing.
version = 3

[[package]]
name = "anyhow"
version = "1.0.66"
source = "registry+https://github.com/rust-lang/crates.io-index"
checksum = "216261ddc8289130e551ddcd5ce8a064710c0d064a4d2895c67151c92b5443f6"

[[package]]
name = "day1"
version = "0.1.0"
dependencies = [
 "anyhow",
 "take-until",
]

[[package]]
name = "take-until"
version = "0.1.0"
source = "registry+https://github.com/rust-lang/crates.io-index"
checksum = "b4e17d8598067a8c134af59cd33c1c263470e089924a11ab61cf61690919fe3b"
